<Solution>
  <Folder Name="/src/" />
  <Folder Name="/src/api/">
    <Project Path="RentifyApi/RentifyApi.csproj" />
  </Folder>
  <Folder Name="/src/application/">
    <Project Path="RentifyApplication/RentifyApplication.csproj" />
  </Folder>
  <Folder Name="/src/domain/">
    <Project Path="RentifyDomain/RentifyDomain.csproj" />
  </Folder>
  <Folder Name="/src/infrastructure/">
    <Project Path="RentifyInfrastructure/RentifyInfrastructure.csproj" />
  </Folder>
  <Folder Name="/src/web/">
    <Project Path="RentifyWeb/RentifyWeb.csproj" />
  </Folder>
  <Folder Name="/tests/">
    <Project Path="RentifyUnitTests/RentifyUnitTests.csproj" Id="3039aff7-bb8d-4a9b-ada6-993044a23b60" />
  </Folder>
</Solution>
